
Microsoft Visual Studio Solution File, Format Version 12.00
# Visual Studio Version 16
VisualStudioVersion = 16.0.31702.278
MinimumVisualStudioVersion = 10.0.40219.1
Project("{9A19103F-16F7-4668-BE54-9A1E7A4F7556}") = "tdd.mvc", "src\tdd.mvc\tdd.mvc.csproj", "{235F8E98-9C84-45FB-A384-0394C6B4D337}"
EndProject
Project("{2150E333-8FDC-42A3-9474-1A3956D46DE8}") = "src", "src", "{5F53FF66-DB63-481B-A536-8E4A63E5E380}"
EndProject
Project("{2150E333-8FDC-42A3-9474-1A3956D46DE8}") = "Solution Items", "Solution Items", "{79A82F65-9642-48A9-9338-82764C9CBB15}"
	ProjectSection(SolutionItems) = preProject
		.gitignore = .gitignore
		LICENSE = LICENSE
		README.md = README.md
	EndProjectSection
EndProject
Global
	GlobalSection(SolutionConfigurationPlatforms) = preSolution
		Debug|Any CPU = Debug|Any CPU
		Release|Any CPU = Release|Any CPU
	EndGlobalSection
	GlobalSection(ProjectConfigurationPlatforms) = postSolution
		{235F8E98-9C84-45FB-A384-0394C6B4D337}.Debug|Any CPU.ActiveCfg = Debug|Any CPU
		{235F8E98-9C84-45FB-A384-0394C6B4D337}.Debug|Any CPU.Build.0 = Debug|Any CPU
		{235F8E98-9C84-45FB-A384-0394C6B4D337}.Release|Any CPU.ActiveCfg = Release|Any CPU
		{235F8E98-9C84-45FB-A384-0394C6B4D337}.Release|Any CPU.Build.0 = Release|Any CPU
	EndGlobalSection
	GlobalSection(SolutionProperties) = preSolution
		HideSolutionNode = FALSE
	EndGlobalSection
	GlobalSection(NestedProjects) = preSolution
		{235F8E98-9C84-45FB-A384-0394C6B4D337} = {5F53FF66-DB63-481B-A536-8E4A63E5E380}
	EndGlobalSection
	GlobalSection(ExtensibilityGlobals) = postSolution
		SolutionGuid = {75BCEBF8-78F3-4610-803F-4110B49D6251}
	EndGlobalSection
EndGlobal
